<?xml version="1.0" encoding="utf-8"?>
<Project ToolsVersion="4.0" xmlns="http://schemas.microsoft.com/developer/msbuild/2003">
  <ItemGroup>
    <Filter Include="源文件">
      <UniqueIdentifier>{4FC737F1-C7A5-4376-A066-2A32D752A2FF}</UniqueIdentifier>
      <Extensions>cpp;c;cc;cxx;c++;cppm;ixx;def;odl;idl;hpj;bat;asm;asmx</Extensions>
    </Filter>
    <Filter Include="头文件">
      <UniqueIdentifier>{93995380-89BD-4b04-88EB-625FBE52EBFB}</UniqueIdentifier>
      <Extensions>h;hh;hpp;hxx;h++;hm;inl;inc;ipp;xsd</Extensions>
    </Filter>
    <Filter Include="资源文件">
      <UniqueIdentifier>{67DA6AB6-F800-4c08-8B7A-83BB121AAD01}</UniqueIdentifier>
      <Extensions>rc;ico;cur;bmp;dlg;rc2;rct;bin;rgs;gif;jpg;jpeg;jpe;resx;tiff;tif;png;wav;mfcribbon-ms</Extensions>
    </Filter>
    <Filter Include="头文件\json">
      <UniqueIdentifier>{dc820fb0-912a-43d6-9757-1680d644e0f7}</UniqueIdentifier>
    </Filter>
    <Filter Include="头文件\algorithm">
      <UniqueIdentifier>{e7799142-00f3-44bb-b25b-fa94b51f1e4c}</UniqueIdentifier>
    </Filter>
    <Filter Include="源文件\algorithm">
      <UniqueIdentifier>{17e7571c-43b9-45a1-99f9-c313ea52b52d}</UniqueIdentifier>
    </Filter>
    <Filter Include="头文件\transEngine">
      <UniqueIdentifier>{11cb5e1e-d886-4498-9ac8-e5425e138c65}</UniqueIdentifier>
    </Filter>
    <Filter Include="源文件\transEngine">
      <UniqueIdentifier>{ed3f5ad7-fa6d-4668-8793-9ed794aef900}</UniqueIdentifier>
    </Filter>
    <Filter Include="头文件\network">
      <UniqueIdentifier>{8e94ef50-83a5-4763-a40c-1e378b83f451}</UniqueIdentifier>
    </Filter>
    <Filter Include="源文件\network">
      <UniqueIdentifier>{4e60394d-c98e-4ec1-ad07-516f91caaa1f}</UniqueIdentifier>
    </Filter>
    <Filter Include="头文件\file">
      <UniqueIdentifier>{0a16a27d-7e46-4c7f-94cf-62824a5a2908}</UniqueIdentifier>
    </Filter>
    <Filter Include="源文件\file">
      <UniqueIdentifier>{7bf0de9d-7e88-435f-b1d4-8083be8b8202}</UniqueIdentifier>
    </Filter>
    <Filter Include="头文件\thread">
      <UniqueIdentifier>{ee4e996f-a021-4773-ba56-3a989d8f0739}</UniqueIdentifier>
    </Filter>
    <Filter Include="头文件\limiter">
      <UniqueIdentifier>{dc0923c3-ca69-4942-8792-f3cb821f16a6}</UniqueIdentifier>
    </Filter>
    <Filter Include="源文件\limiter">
      <UniqueIdentifier>{46383baf-02df-4790-9fea-74e8f16a46e0}</UniqueIdentifier>
    </Filter>
  </ItemGroup>
  <ItemGroup>
    <ClCompile Include="src\main.cpp">
      <Filter>源文件</Filter>
    </ClCompile>
    <ClCompile Include="src\transEngine\BaiDuEngine.cpp">
      <Filter>源文件\transEngine</Filter>
    </ClCompile>
    <ClCompile Include="src\transEngine\EngineBase.cpp">
      <Filter>源文件\transEngine</Filter>
    </ClCompile>
    <ClCompile Include="src\algorithm\Base64.cpp">
      <Filter>源文件\algorithm</Filter>
    </ClCompile>
    <ClCompile Include="src\algorithm\EncryptMD5.cpp">
      <Filter>源文件\algorithm</Filter>
    </ClCompile>
    <ClCompile Include="src\algorithm\URLEncode.cpp">
      <Filter>源文件\algorithm</Filter>
    </ClCompile>
    <ClCompile Include="src\network\RequstAPI.cpp">
      <Filter>源文件\network</Filter>
    </ClCompile>
    <ClCompile Include="src\file\File.cpp">
      <Filter>源文件\file</Filter>
    </ClCompile>
    <ClCompile Include="src\limiter\RateLimiter.cpp">
      <Filter>源文件\limiter</Filter>
    </ClCompile>
    <ClCompile Include="src\transEngine\DeepLEngine.cpp">
      <Filter>源文件\transEngine</Filter>
    </ClCompile>
  </ItemGroup>
  <ItemGroup>
    <ClInclude Include="src\transEngine\EngineBase.h">
      <Filter>头文件\transEngine</Filter>
    </ClInclude>
    <ClInclude Include="src\transEngine\BaiDuEngine.h">
      <Filter>头文件\transEngine</Filter>
    </ClInclude>
    <ClInclude Include="src\algorithm\Base64.h">
      <Filter>头文件\algorithm</Filter>
    </ClInclude>
    <ClInclude Include="src\algorithm\EncryptMD5.h">
      <Filter>头文件\algorithm</Filter>
    </ClInclude>
    <ClInclude Include="src\algorithm\URLEncode.h">
      <Filter>头文件\algorithm</Filter>
    </ClInclude>
    <ClInclude Include="src\json\json.hpp">
      <Filter>头文件\json</Filter>
    </ClInclude>
    <ClInclude Include="src\network\RequstAPI.h">
      <Filter>头文件\network</Filter>
    </ClInclude>
    <ClInclude Include="src\file\File.h">
      <Filter>头文件\file</Filter>
    </ClInclude>
    <ClInclude Include="src\thread\ThreadPool.h">
      <Filter>头文件\thread</Filter>
    </ClInclude>
    <ClInclude Include="src\limiter\RateLimiter.h">
      <Filter>头文件\limiter</Filter>
    </ClInclude>
    <ClInclude Include="src\transEngine\DeepLEngine.h">
      <Filter>头文件\transEngine</Filter>
    </ClInclude>
  </ItemGroup>
</Project>